
Microsoft Visual Studio Solution File, Format Version 12.00
# Visual Studio 15
VisualStudioVersion = 15.0.28010.2046
MinimumVisualStudioVersion = 10.0.40219.1
Project("{2150E333-8FDC-42A3-9474-1A3956D46DE8}") = "Product", "Product", "{B17845CD-03D7-4FF8-997F-DD9B124AC651}"
EndProject
Project("{FAE04EC0-301F-11D3-BF4B-00C04F79EFBC}") = "Domain", "Domain\Domain.csproj", "{66ACC9B4-344B-4C36-914C-06A89036B50E}"
EndProject
Project("{FAE04EC0-301F-11D3-BF4B-00C04F79EFBC}") = "Persistance", "Persistance\Persistance.csproj", "{4BBB4B54-1574-4B77-918F-FB475EC93BF5}"
EndProject
Project("{FAE04EC0-301F-11D3-BF4B-00C04F79EFBC}") = "WebApi", "WebApi\WebApi.csproj", "{D604932E-FC60-40C3-AA01-632BEA6A5EB2}"
EndProject
Project("{FAE04EC0-301F-11D3-BF4B-00C04F79EFBC}") = "XUnitTest-productApi", "XUnitTest-productApi\XUnitTest-productApi.csproj", "{4BCD121D-6323-4C35-945D-9DF3923CA2D8}"
EndProject
Global
	GlobalSection(SolutionConfigurationPlatforms) = preSolution
		Debug|Any CPU = Debug|Any CPU
		Release|Any CPU = Release|Any CPU
	EndGlobalSection
	GlobalSection(ProjectConfigurationPlatforms) = postSolution
		{66ACC9B4-344B-4C36-914C-06A89036B50E}.Debug|Any CPU.ActiveCfg = Debug|Any CPU
		{66ACC9B4-344B-4C36-914C-06A89036B50E}.Debug|Any CPU.Build.0 = Debug|Any CPU
		{66ACC9B4-344B-4C36-914C-06A89036B50E}.Release|Any CPU.ActiveCfg = Release|Any CPU
		{66ACC9B4-344B-4C36-914C-06A89036B50E}.Release|Any CPU.Build.0 = Release|Any CPU
		{4BBB4B54-1574-4B77-918F-FB475EC93BF5}.Debug|Any CPU.ActiveCfg = Debug|Any CPU
		{4BBB4B54-1574-4B77-918F-FB475EC93BF5}.Debug|Any CPU.Build.0 = Debug|Any CPU
		{4BBB4B54-1574-4B77-918F-FB475EC93BF5}.Release|Any CPU.ActiveCfg = Release|Any CPU
		{4BBB4B54-1574-4B77-918F-FB475EC93BF5}.Release|Any CPU.Build.0 = Release|Any CPU
		{D604932E-FC60-40C3-AA01-632BEA6A5EB2}.Debug|Any CPU.ActiveCfg = Debug|Any CPU
		{D604932E-FC60-40C3-AA01-632BEA6A5EB2}.Debug|Any CPU.Build.0 = Debug|Any CPU
		{D604932E-FC60-40C3-AA01-632BEA6A5EB2}.Release|Any CPU.ActiveCfg = Release|Any CPU
		{D604932E-FC60-40C3-AA01-632BEA6A5EB2}.Release|Any CPU.Build.0 = Release|Any CPU
		{4BCD121D-6323-4C35-945D-9DF3923CA2D8}.Debug|Any CPU.ActiveCfg = Debug|Any CPU
		{4BCD121D-6323-4C35-945D-9DF3923CA2D8}.Debug|Any CPU.Build.0 = Debug|Any CPU
		{4BCD121D-6323-4C35-945D-9DF3923CA2D8}.Release|Any CPU.ActiveCfg = Release|Any CPU
		{4BCD121D-6323-4C35-945D-9DF3923CA2D8}.Release|Any CPU.Build.0 = Release|Any CPU
	EndGlobalSection
	GlobalSection(SolutionProperties) = preSolution
		HideSolutionNode = FALSE
	EndGlobalSection
	GlobalSection(NestedProjects) = preSolution
		{66ACC9B4-344B-4C36-914C-06A89036B50E} = {B17845CD-03D7-4FF8-997F-DD9B124AC651}
		{4BBB4B54-1574-4B77-918F-FB475EC93BF5} = {B17845CD-03D7-4FF8-997F-DD9B124AC651}
		{D604932E-FC60-40C3-AA01-632BEA6A5EB2} = {B17845CD-03D7-4FF8-997F-DD9B124AC651}
		{4BCD121D-6323-4C35-945D-9DF3923CA2D8} = {B17845CD-03D7-4FF8-997F-DD9B124AC651}
	EndGlobalSection
	GlobalSection(ExtensibilityGlobals) = postSolution
		SolutionGuid = {2132436F-3609-4B74-876F-C4F16A957317}
	EndGlobalSection
EndGlobal
